
Microsoft Visual Studio Solution File, Format Version 12.00
# Visual Studio 15
VisualStudioVersion = 15.0.26124.0
MinimumVisualStudioVersion = 15.0.26124.0
Project("{FAE04EC0-301F-11D3-BF4B-00C04F79EFBC}") = "Domain", "Domain\Domain.csproj", "{D1EB7087-42C7-4EED-8604-553470285817}"
EndProject
Project("{FAE04EC0-301F-11D3-BF4B-00C04F79EFBC}") = "Application", "Application\Application.csproj", "{DB7359A3-B435-458A-873F-04563955C97F}"
EndProject
Project("{FAE04EC0-301F-11D3-BF4B-00C04F79EFBC}") = "Persistence", "Persistence\Persistence.csproj", "{31EB3649-3DC6-4284-AB55-FAA59765C45B}"
EndProject
Project("{FAE04EC0-301F-11D3-BF4B-00C04F79EFBC}") = "API", "API\API.csproj", "{39CB72CE-7240-4AB1-A48F-F67040B0E9AE}"
EndProject
Global
	GlobalSection(SolutionConfigurationPlatforms) = preSolution
		Debug|Any CPU = Debug|Any CPU
		Debug|x64 = Debug|x64
		Debug|x86 = Debug|x86
		Release|Any CPU = Release|Any CPU
		Release|x64 = Release|x64
		Release|x86 = Release|x86
	EndGlobalSection
	GlobalSection(SolutionProperties) = preSolution
		HideSolutionNode = FALSE
	EndGlobalSection
	GlobalSection(ProjectConfigurationPlatforms) = postSolution
		{D1EB7087-42C7-4EED-8604-553470285817}.Debug|Any CPU.ActiveCfg = Debug|Any CPU
		{D1EB7087-42C7-4EED-8604-553470285817}.Debug|Any CPU.Build.0 = Debug|Any CPU
		{D1EB7087-42C7-4EED-8604-553470285817}.Debug|x64.ActiveCfg = Debug|Any CPU
		{D1EB7087-42C7-4EED-8604-553470285817}.Debug|x64.Build.0 = Debug|Any CPU
		{D1EB7087-42C7-4EED-8604-553470285817}.Debug|x86.ActiveCfg = Debug|Any CPU
		{D1EB7087-42C7-4EED-8604-553470285817}.Debug|x86.Build.0 = Debug|Any CPU
		{D1EB7087-42C7-4EED-8604-553470285817}.Release|Any CPU.ActiveCfg = Release|Any CPU
		{D1EB7087-42C7-4EED-8604-553470285817}.Release|Any CPU.Build.0 = Release|Any CPU
		{D1EB7087-42C7-4EED-8604-553470285817}.Release|x64.ActiveCfg = Release|Any CPU
		{D1EB7087-42C7-4EED-8604-553470285817}.Release|x64.Build.0 = Release|Any CPU
		{D1EB7087-42C7-4EED-8604-553470285817}.Release|x86.ActiveCfg = Release|Any CPU
		{D1EB7087-42C7-4EED-8604-553470285817}.Release|x86.Build.0 = Release|Any CPU
		{DB7359A3-B435-458A-873F-04563955C97F}.Debug|Any CPU.ActiveCfg = Debug|Any CPU
		{DB7359A3-B435-458A-873F-04563955C97F}.Debug|Any CPU.Build.0 = Debug|Any CPU
		{DB7359A3-B435-458A-873F-04563955C97F}.Debug|x64.ActiveCfg = Debug|Any CPU
		{DB7359A3-B435-458A-873F-04563955C97F}.Debug|x64.Build.0 = Debug|Any CPU
		{DB7359A3-B435-458A-873F-04563955C97F}.Debug|x86.ActiveCfg = Debug|Any CPU
		{DB7359A3-B435-458A-873F-04563955C97F}.Debug|x86.Build.0 = Debug|Any CPU
		{DB7359A3-B435-458A-873F-04563955C97F}.Release|Any CPU.ActiveCfg = Release|Any CPU
		{DB7359A3-B435-458A-873F-04563955C97F}.Release|Any CPU.Build.0 = Release|Any CPU
		{DB7359A3-B435-458A-873F-04563955C97F}.Release|x64.ActiveCfg = Release|Any CPU
		{DB7359A3-B435-458A-873F-04563955C97F}.Release|x64.Build.0 = Release|Any CPU
		{DB7359A3-B435-458A-873F-04563955C97F}.Release|x86.ActiveCfg = Release|Any CPU
		{DB7359A3-B435-458A-873F-04563955C97F}.Release|x86.Build.0 = Release|Any CPU
		{31EB3649-3DC6-4284-AB55-FAA59765C45B}.Debug|Any CPU.ActiveCfg = Debug|Any CPU
		{31EB3649-3DC6-4284-AB55-FAA59765C45B}.Debug|Any CPU.Build.0 = Debug|Any CPU
		{31EB3649-3DC6-4284-AB55-FAA59765C45B}.Debug|x64.ActiveCfg = Debug|Any CPU
		{31EB3649-3DC6-4284-AB55-FAA59765C45B}.Debug|x64.Build.0 = Debug|Any CPU
		{31EB3649-3DC6-4284-AB55-FAA59765C45B}.Debug|x86.ActiveCfg = Debug|Any CPU
		{31EB3649-3DC6-4284-AB55-FAA59765C45B}.Debug|x86.Build.0 = Debug|Any CPU
		{31EB3649-3DC6-4284-AB55-FAA59765C45B}.Release|Any CPU.ActiveCfg = Release|Any CPU
		{31EB3649-3DC6-4284-AB55-FAA59765C45B}.Release|Any CPU.Build.0 = Release|Any CPU
		{31EB3649-3DC6-4284-AB55-FAA59765C45B}.Release|x64.ActiveCfg = Release|Any CPU
		{31EB3649-3DC6-4284-AB55-FAA59765C45B}.Release|x64.Build.0 = Release|Any CPU
		{31EB3649-3DC6-4284-AB55-FAA59765C45B}.Release|x86.ActiveCfg = Release|Any CPU
		{31EB3649-3DC6-4284-AB55-FAA59765C45B}.Release|x86.Build.0 = Release|Any CPU
		{39CB72CE-7240-4AB1-A48F-F67040B0E9AE}.Debug|Any CPU.ActiveCfg = Debug|Any CPU
		{39CB72CE-7240-4AB1-A48F-F67040B0E9AE}.Debug|Any CPU.Build.0 = Debug|Any CPU
		{39CB72CE-7240-4AB1-A48F-F67040B0E9AE}.Debug|x64.ActiveCfg = Debug|Any CPU
		{39CB72CE-7240-4AB1-A48F-F67040B0E9AE}.Debug|x64.Build.0 = Debug|Any CPU
		{39CB72CE-7240-4AB1-A48F-F67040B0E9AE}.Debug|x86.ActiveCfg = Debug|Any CPU
		{39CB72CE-7240-4AB1-A48F-F67040B0E9AE}.Debug|x86.Build.0 = Debug|Any CPU
		{39CB72CE-7240-4AB1-A48F-F67040B0E9AE}.Release|Any CPU.ActiveCfg = Release|Any CPU
		{39CB72CE-7240-4AB1-A48F-F67040B0E9AE}.Release|Any CPU.Build.0 = Release|Any CPU
		{39CB72CE-7240-4AB1-A48F-F67040B0E9AE}.Release|x64.ActiveCfg = Release|Any CPU
		{39CB72CE-7240-4AB1-A48F-F67040B0E9AE}.Release|x64.Build.0 = Release|Any CPU
		{39CB72CE-7240-4AB1-A48F-F67040B0E9AE}.Release|x86.ActiveCfg = Release|Any CPU
		{39CB72CE-7240-4AB1-A48F-F67040B0E9AE}.Release|x86.Build.0 = Release|Any CPU
	EndGlobalSection
EndGlobal
